
Microsoft Visual Studio Solution File, Format Version 12.00
Project("{FAE04EC0-301F-11D3-BF4B-00C04F79EFBC}") = "TestTaskRadency", "TestTaskRadency\TestTaskRadency.csproj", "{D32E20E2-B8FA-4896-8585-1F2A9105D1C0}"
EndProject
Global
	GlobalSection(SolutionConfigurationPlatforms) = preSolution
		Debug|Any CPU = Debug|Any CPU
		Release|Any CPU = Release|Any CPU
	EndGlobalSection
	GlobalSection(ProjectConfigurationPlatforms) = postSolution
		{D32E20E2-B8FA-4896-8585-1F2A9105D1C0}.Debug|Any CPU.ActiveCfg = Debug|Any CPU
		{D32E20E2-B8FA-4896-8585-1F2A9105D1C0}.Debug|Any CPU.Build.0 = Debug|Any CPU
		{D32E20E2-B8FA-4896-8585-1F2A9105D1C0}.Release|Any CPU.ActiveCfg = Release|Any CPU
		{D32E20E2-B8FA-4896-8585-1F2A9105D1C0}.Release|Any CPU.Build.0 = Release|Any CPU
	EndGlobalSection
EndGlobal
